
Microsoft Visual Studio Solution File, Format Version 12.00
# Visual Studio Version 17
VisualStudioVersion = 17.0.31903.59
MinimumVisualStudioVersion = 10.0.40219.1
Project("{FAE04EC0-301F-11D3-BF4B-00C04F79EFBC}") = "Portfolio.Api", "Portfolio.Api\Portfolio.Api.csproj", "{A62CFBAC-2C60-4389-8811-2F3148D4ACD7}"
EndProject
Project("{FAE04EC0-301F-11D3-BF4B-00C04F79EFBC}") = "Portfolio.Application", "Portfolio.Application\Portfolio.Application.csproj", "{0089390E-DE61-40F2-AA89-74A319B94B16}"
EndProject
Project("{FAE04EC0-301F-11D3-BF4B-00C04F79EFBC}") = "Portfolio.Contracts", "Portfolio.Contracts\Portfolio.Contracts.csproj", "{FBD73C67-3E7D-4AEE-9397-8B20E6934F3A}"
EndProject
Project("{FAE04EC0-301F-11D3-BF4B-00C04F79EFBC}") = "Portfolio.Domain", "Portfolio.Domain\Portfolio.Domain.csproj", "{5FE9FA31-CE3B-4305-95BD-4A6F90F754A8}"
EndProject
Project("{FAE04EC0-301F-11D3-BF4B-00C04F79EFBC}") = "Portfolio.Infrastructure", "Portfolio.Infrastructure\Portfolio.Infrastructure.csproj", "{C0535FC2-BD67-4D04-BF81-0EEEF940B21B}"
EndProject
Global
	GlobalSection(SolutionConfigurationPlatforms) = preSolution
		Debug|Any CPU = Debug|Any CPU
		Release|Any CPU = Release|Any CPU
	EndGlobalSection
	GlobalSection(SolutionProperties) = preSolution
		HideSolutionNode = FALSE
	EndGlobalSection
	GlobalSection(ProjectConfigurationPlatforms) = postSolution
		{A62CFBAC-2C60-4389-8811-2F3148D4ACD7}.Debug|Any CPU.ActiveCfg = Debug|Any CPU
		{A62CFBAC-2C60-4389-8811-2F3148D4ACD7}.Debug|Any CPU.Build.0 = Debug|Any CPU
		{A62CFBAC-2C60-4389-8811-2F3148D4ACD7}.Release|Any CPU.ActiveCfg = Release|Any CPU
		{A62CFBAC-2C60-4389-8811-2F3148D4ACD7}.Release|Any CPU.Build.0 = Release|Any CPU
		{0089390E-DE61-40F2-AA89-74A319B94B16}.Debug|Any CPU.ActiveCfg = Debug|Any CPU
		{0089390E-DE61-40F2-AA89-74A319B94B16}.Debug|Any CPU.Build.0 = Debug|Any CPU
		{0089390E-DE61-40F2-AA89-74A319B94B16}.Release|Any CPU.ActiveCfg = Release|Any CPU
		{0089390E-DE61-40F2-AA89-74A319B94B16}.Release|Any CPU.Build.0 = Release|Any CPU
		{FBD73C67-3E7D-4AEE-9397-8B20E6934F3A}.Debug|Any CPU.ActiveCfg = Debug|Any CPU
		{FBD73C67-3E7D-4AEE-9397-8B20E6934F3A}.Debug|Any CPU.Build.0 = Debug|Any CPU
		{FBD73C67-3E7D-4AEE-9397-8B20E6934F3A}.Release|Any CPU.ActiveCfg = Release|Any CPU
		{FBD73C67-3E7D-4AEE-9397-8B20E6934F3A}.Release|Any CPU.Build.0 = Release|Any CPU
		{5FE9FA31-CE3B-4305-95BD-4A6F90F754A8}.Debug|Any CPU.ActiveCfg = Debug|Any CPU
		{5FE9FA31-CE3B-4305-95BD-4A6F90F754A8}.Debug|Any CPU.Build.0 = Debug|Any CPU
		{5FE9FA31-CE3B-4305-95BD-4A6F90F754A8}.Release|Any CPU.ActiveCfg = Release|Any CPU
		{5FE9FA31-CE3B-4305-95BD-4A6F90F754A8}.Release|Any CPU.Build.0 = Release|Any CPU
		{C0535FC2-BD67-4D04-BF81-0EEEF940B21B}.Debug|Any CPU.ActiveCfg = Debug|Any CPU
		{C0535FC2-BD67-4D04-BF81-0EEEF940B21B}.Debug|Any CPU.Build.0 = Debug|Any CPU
		{C0535FC2-BD67-4D04-BF81-0EEEF940B21B}.Release|Any CPU.ActiveCfg = Release|Any CPU
		{C0535FC2-BD67-4D04-BF81-0EEEF940B21B}.Release|Any CPU.Build.0 = Release|Any CPU
	EndGlobalSection
EndGlobal
